<?xml version="1.0" encoding="utf-8"?>
<Project ToolsVersion="4.0" xmlns="http://schemas.microsoft.com/developer/msbuild/2003">
  <ItemGroup>
    <Filter Include="Source Files">
      <UniqueIdentifier>{4FC737F1-C7A5-4376-A066-2A32D752A2FF}</UniqueIdentifier>
      <Extensions>cpp;c;cc;cxx;def;odl;idl;hpj;bat;asm;asmx</Extensions>
    </Filter>
    <Filter Include="Header Files">
      <UniqueIdentifier>{93995380-89BD-4b04-88EB-625FBE52EBFB}</UniqueIdentifier>
      <Extensions>h;hpp;hxx;hm;inl;inc;xsd</Extensions>
    </Filter>
    <Filter Include="Math">
      <UniqueIdentifier>{1ce2c5a8-a1e9-4a1f-a2ac-7d1586e1270c}</UniqueIdentifier>
    </Filter>
    <Filter Include="Thread">
      <UniqueIdentifier>{9f3cc74d-d9e9-4153-9957-6674f8f76402}</UniqueIdentifier>
    </Filter>
  </ItemGroup>
  <ItemGroup>
    <ClInclude Include="coold.h">
      <Filter>Header Files</Filter>
    </ClInclude>
    <ClInclude Include="Math\CoolD_Math.h">
      <Filter>Math</Filter>
    </ClInclude>
    <ClInclude Include="Math\CoolD_Matrix33.h">
      <Filter>Math</Filter>
    </ClInclude>
    <ClInclude Include="Math\CoolD_Matrix44.h">
      <Filter>Math</Filter>
    </ClInclude>
    <ClInclude Include="Math\CoolD_Vector2.h">
      <Filter>Math</Filter>
    </ClInclude>
    <ClInclude Include="Math\CoolD_Vector3.h">
      <Filter>Math</Filter>
    </ClInclude>
    <ClInclude Include="Math\CoolD_Vector4.h">
      <Filter>Math</Filter>
    </ClInclude>
    <ClInclude Include="Data\CoolD_Defines.h">
      <Filter>Header Files</Filter>
    </ClInclude>
    <ClInclude Include="Data\CoolD_Inlines.h">
      <Filter>Header Files</Filter>
    </ClInclude>
    <ClInclude Include="Data\CoolD_Struct.h">
      <Filter>Header Files</Filter>
    </ClInclude>
    <ClInclude Include="Data\CoolD_Type.h">
      <Filter>Header Files</Filter>
    </ClInclude>
    <ClInclude Include="Render\CoolD_CustomMesh.h">
      <Filter>Header Files</Filter>
    </ClInclude>
    <ClInclude Include="Render\CoolD_MeshManager.h">
      <Filter>Header Files</Filter>
    </ClInclude>
    <ClInclude Include="Render\CoolD_Transform.h">
      <Filter>Header Files</Filter>
    </ClInclude>
    <ClInclude Include="Data\CoolD_Singleton.h">
      <Filter>Header Files</Filter>
    </ClInclude>
    <ClInclude Include="Console\CoolD_ConsoleManager.h">
      <Filter>Header Files</Filter>
    </ClInclude>
    <ClInclude Include="Console\CoolD_Command.h">
      <Filter>Header Files</Filter>
    </ClInclude>
    <ClInclude Include="Thread\CoolD_Thread.h">
      <Filter>Thread</Filter>
    </ClInclude>
    <ClInclude Include="Thread\CoolD_ThreadManager.h">
      <Filter>Thread</Filter>
    </ClInclude>
    <ClInclude Include="Render\CoolD_RenderModule.h">
      <Filter>Header Files</Filter>
    </ClInclude>
  </ItemGroup>
  <ItemGroup>
    <ClCompile Include="coold.cpp">
      <Filter>Source Files</Filter>
    </ClCompile>
    <ClCompile Include="Math\CoolD_Math.cpp">
      <Filter>Math</Filter>
    </ClCompile>
    <ClCompile Include="Math\CoolD_Matrix33.cpp">
      <Filter>Math</Filter>
    </ClCompile>
    <ClCompile Include="Math\CoolD_Matrix44.cpp">
      <Filter>Math</Filter>
    </ClCompile>
    <ClCompile Include="Math\CoolD_Vector2.cpp">
      <Filter>Math</Filter>
    </ClCompile>
    <ClCompile Include="Math\CoolD_Vector3.cpp">
      <Filter>Math</Filter>
    </ClCompile>
    <ClCompile Include="Math\CoolD_Vector4.cpp">
      <Filter>Math</Filter>
    </ClCompile>
    <ClCompile Include="Render\CoolD_CustomMesh.cpp">
      <Filter>Source Files</Filter>
    </ClCompile>
    <ClCompile Include="Render\CoolD_MeshManager.cpp">
      <Filter>Source Files</Filter>
    </ClCompile>
    <ClCompile Include="Render\CoolD_Transform.cpp">
      <Filter>Source Files</Filter>
    </ClCompile>
    <ClCompile Include="Console\CoolD_ConsoleManager.cpp">
      <Filter>Source Files</Filter>
    </ClCompile>
    <ClCompile Include="Console\CoolD_Command.cpp">
      <Filter>Source Files</Filter>
    </ClCompile>
    <ClCompile Include="Thread\CoolD_ThreadManager.cpp">
      <Filter>Thread</Filter>
    </ClCompile>
    <ClCompile Include="Thread\CoolD_Thread.cpp">
      <Filter>Thread</Filter>
    </ClCompile>
    <ClCompile Include="Render\CoolD_RenderModule.cpp">
      <Filter>Source Files</Filter>
    </ClCompile>
  </ItemGroup>
</Project>