<?xml version="1.0" encoding="utf-8"?>
<Project ToolsVersion="4.0" xmlns="http://schemas.microsoft.com/developer/msbuild/2003">
  <ItemGroup>
    <Filter Include="소스 파일">
      <UniqueIdentifier>{4FC737F1-C7A5-4376-A066-2A32D752A2FF}</UniqueIdentifier>
      <Extensions>cpp;c;cc;cxx;def;odl;idl;hpj;bat;asm;asmx</Extensions>
    </Filter>
    <Filter Include="헤더 파일">
      <UniqueIdentifier>{93995380-89BD-4b04-88EB-625FBE52EBFB}</UniqueIdentifier>
      <Extensions>h;hpp;hxx;hm;inl;inc;xsd</Extensions>
    </Filter>
    <Filter Include="리소스 파일">
      <UniqueIdentifier>{67DA6AB6-F800-4c08-8B7A-83BB121AAD01}</UniqueIdentifier>
      <Extensions>rc;ico;cur;bmp;dlg;rc2;rct;bin;rgs;gif;jpg;jpeg;jpe;resx;tiff;tif;png;wav;mfcribbon-ms</Extensions>
    </Filter>
  </ItemGroup>
  <ItemGroup>
    <ClInclude Include="WModule.h">
      <Filter>헤더 파일</Filter>
    </ClInclude>
    <ClInclude Include="WTrDatai.h">
      <Filter>헤더 파일</Filter>
    </ClInclude>
    <ClInclude Include="WMesh.h">
      <Filter>헤더 파일</Filter>
    </ClInclude>
    <ClInclude Include="woocom.h">
      <Filter>헤더 파일</Filter>
    </ClInclude>
    <ClInclude Include="WPolyData.h">
      <Filter>헤더 파일</Filter>
    </ClInclude>
    <ClInclude Include="WFileLoader.h">
      <Filter>헤더 파일</Filter>
    </ClInclude>
    <ClInclude Include="WIDrawable.h">
      <Filter>헤더 파일</Filter>
    </ClInclude>
    <ClInclude Include="WPolygon.h">
      <Filter>헤더 파일</Filter>
    </ClInclude>
    <ClInclude Include="Utility.h">
      <Filter>헤더 파일</Filter>
    </ClInclude>
    <ClInclude Include="common.h">
      <Filter>헤더 파일</Filter>
    </ClInclude>
    <ClInclude Include="Thread.h">
      <Filter>헤더 파일</Filter>
    </ClInclude>
    <ClInclude Include="WContext.h">
      <Filter>헤더 파일</Filter>
    </ClInclude>
    <ClInclude Include="WContextPool.h">
      <Filter>헤더 파일</Filter>
    </ClInclude>
    <ClInclude Include="Math.h">
      <Filter>헤더 파일</Filter>
    </ClInclude>
    <ClInclude Include="ConCommand.h">
      <Filter>헤더 파일</Filter>
    </ClInclude>
  </ItemGroup>
  <ItemGroup>
    <ClCompile Include="WModule.cpp">
      <Filter>소스 파일</Filter>
    </ClCompile>
    <ClCompile Include="WMesh.cpp">
      <Filter>소스 파일</Filter>
    </ClCompile>
    <ClCompile Include="WFileLoader.cpp">
      <Filter>소스 파일</Filter>
    </ClCompile>
    <ClCompile Include="WPolygon.cpp">
      <Filter>소스 파일</Filter>
    </ClCompile>
    <ClCompile Include="Utility.cpp">
      <Filter>소스 파일</Filter>
    </ClCompile>
    <ClCompile Include="Thread.cpp">
      <Filter>소스 파일</Filter>
    </ClCompile>
    <ClCompile Include="WContext.cpp">
      <Filter>소스 파일</Filter>
    </ClCompile>
    <ClCompile Include="WContextPool.cpp">
      <Filter>소스 파일</Filter>
    </ClCompile>
    <ClCompile Include="Math.cpp">
      <Filter>소스 파일</Filter>
    </ClCompile>
    <ClCompile Include="ConCommand.cpp">
      <Filter>소스 파일</Filter>
    </ClCompile>
  </ItemGroup>
</Project>