<?xml version="1.0" encoding="utf-8"?>
<Project ToolsVersion="4.0" xmlns="http://schemas.microsoft.com/developer/msbuild/2003">
  <ItemGroup>
    <Filter Include="Module">
      <UniqueIdentifier>{d237e971-b2c8-4862-83f8-bb2e12c0c759}</UniqueIdentifier>
    </Filter>
    <Filter Include="Rendering">
      <UniqueIdentifier>{93995380-89BD-4b04-88EB-625FBE52EBFB}</UniqueIdentifier>
      <Extensions>h;hpp;hxx;hm;inl;inc;xsd</Extensions>
    </Filter>
    <Filter Include="Math">
      <UniqueIdentifier>{2d739c3e-7b48-4038-b660-be7ff3e0643b}</UniqueIdentifier>
    </Filter>
  </ItemGroup>
  <ItemGroup>
    <Text Include="ReadMe.txt" />
  </ItemGroup>
  <ItemGroup>
    <ClInclude Include="mesh.h">
      <Filter>Rendering</Filter>
    </ClInclude>
    <ClInclude Include="base.h">
      <Filter>Rendering</Filter>
    </ClInclude>
    <ClInclude Include="render.h">
      <Filter>Rendering</Filter>
    </ClInclude>
    <ClInclude Include="texture.h">
      <Filter>Rendering</Filter>
    </ClInclude>
    <ClInclude Include="targetver.h">
      <Filter>Module</Filter>
    </ClInclude>
    <ClInclude Include="stdafx.h">
      <Filter>Module</Filter>
    </ClInclude>
    <ClInclude Include="kihx.h">
      <Filter>Module</Filter>
    </ClInclude>
    <ClInclude Include="type.h">
      <Filter>Rendering</Filter>
    </ClInclude>
    <ClInclude Include="matrix.h">
      <Filter>Math</Filter>
    </ClInclude>
    <ClInclude Include="vector.h">
      <Filter>Math</Filter>
    </ClInclude>
    <ClInclude Include="random.h">
      <Filter>Math</Filter>
    </ClInclude>
    <ClInclude Include="stage.h">
      <Filter>Rendering</Filter>
    </ClInclude>
    <ClInclude Include="buffer.h">
      <Filter>Rendering</Filter>
    </ClInclude>
    <ClInclude Include="stream.h">
      <Filter>Rendering</Filter>
    </ClInclude>
    <ClInclude Include="mathlib.h">
      <Filter>Math</Filter>
    </ClInclude>
  </ItemGroup>
  <ItemGroup>
    <ClCompile Include="stdafx.cpp">
      <Filter>Module</Filter>
    </ClCompile>
    <ClCompile Include="dllmain.cpp">
      <Filter>Module</Filter>
    </ClCompile>
    <ClCompile Include="kihx.cpp">
      <Filter>Module</Filter>
    </ClCompile>
    <ClCompile Include="base.cpp">
      <Filter>Rendering</Filter>
    </ClCompile>
    <ClCompile Include="mesh.cpp">
      <Filter>Rendering</Filter>
    </ClCompile>
    <ClCompile Include="render.cpp">
      <Filter>Rendering</Filter>
    </ClCompile>
    <ClCompile Include="texture.cpp">
      <Filter>Rendering</Filter>
    </ClCompile>
    <ClCompile Include="matrix.cpp">
      <Filter>Math</Filter>
    </ClCompile>
    <ClCompile Include="random.cpp">
      <Filter>Math</Filter>
    </ClCompile>
    <ClCompile Include="stage.cpp">
      <Filter>Rendering</Filter>
    </ClCompile>
  </ItemGroup>
</Project>