<?xml version="1.0" encoding="utf-8"?>
<Project ToolsVersion="4.0" xmlns="http://schemas.microsoft.com/developer/msbuild/2003">
  <ItemGroup>
    <Filter Include="Source Files">
      <UniqueIdentifier>{4FC737F1-C7A5-4376-A066-2A32D752A2FF}</UniqueIdentifier>
      <Extensions>cpp;c;cc;cxx;def;odl;idl;hpj;bat;asm;asmx</Extensions>
    </Filter>
    <Filter Include="Header Files">
      <UniqueIdentifier>{93995380-89BD-4b04-88EB-625FBE52EBFB}</UniqueIdentifier>
      <Extensions>h;hpp;hxx;hm;inl;inc;xsd</Extensions>
    </Filter>
    <Filter Include="Resource Files">
      <UniqueIdentifier>{67DA6AB6-F800-4c08-8B7A-83BB121AAD01}</UniqueIdentifier>
      <Extensions>rc;ico;cur;bmp;dlg;rc2;rct;bin;rgs;gif;jpg;jpeg;jpe;resx;tiff;tif;png;wav;mfcribbon-ms</Extensions>
    </Filter>
    <Filter Include="Dll">
      <UniqueIdentifier>{426962ae-a87c-4b80-8dd8-3859d8520652}</UniqueIdentifier>
    </Filter>
    <Filter Include="Pipeline">
      <UniqueIdentifier>{a4bc344b-c171-4b51-8e50-1f50df8b1b3f}</UniqueIdentifier>
    </Filter>
    <Filter Include="Thread">
      <UniqueIdentifier>{f9765337-4936-4192-a6a1-128328fb0c5a}</UniqueIdentifier>
    </Filter>
  </ItemGroup>
  <ItemGroup>
    <ClInclude Include="stdafx.h">
      <Filter>Header Files</Filter>
    </ClInclude>
    <ClInclude Include="targetver.h">
      <Filter>Header Files</Filter>
    </ClInclude>
    <ClInclude Include="FileHandler.h">
      <Filter>Header Files</Filter>
    </ClInclude>
    <ClInclude Include="Comman.h">
      <Filter>Header Files</Filter>
    </ClInclude>
    <ClInclude Include="Mesh.h">
      <Filter>Header Files</Filter>
    </ClInclude>
    <ClInclude Include="XtzMath.h">
      <Filter>Header Files</Filter>
    </ClInclude>
    <ClInclude Include="PixelShader.h">
      <Filter>Pipeline</Filter>
    </ClInclude>
    <ClInclude Include="Rasterizer.h">
      <Filter>Pipeline</Filter>
    </ClInclude>
    <ClInclude Include="VertexShader.h">
      <Filter>Pipeline</Filter>
    </ClInclude>
    <ClInclude Include="pipelineElements.h">
      <Filter>Pipeline</Filter>
    </ClInclude>
    <ClInclude Include="OutputMerger.h">
      <Filter>Pipeline</Filter>
    </ClInclude>
    <ClInclude Include="xtozero.h">
      <Filter>Dll</Filter>
    </ClInclude>
    <ClInclude Include="XtzThreadPool.h">
      <Filter>Thread</Filter>
    </ClInclude>
    <ClInclude Include="Concommand.h">
      <Filter>Header Files</Filter>
    </ClInclude>
    <ClInclude Include="Texture.h">
      <Filter>Header Files</Filter>
    </ClInclude>
  </ItemGroup>
  <ItemGroup>
    <ClCompile Include="stdafx.cpp">
      <Filter>Source Files</Filter>
    </ClCompile>
    <ClCompile Include="Mesh.cpp">
      <Filter>Source Files</Filter>
    </ClCompile>
    <ClCompile Include="FileHandler.cpp">
      <Filter>Source Files</Filter>
    </ClCompile>
    <ClCompile Include="XtzMath.cpp">
      <Filter>Source Files</Filter>
    </ClCompile>
    <ClCompile Include="dllmain.cpp">
      <Filter>Dll</Filter>
    </ClCompile>
    <ClCompile Include="xtozero.cpp">
      <Filter>Dll</Filter>
    </ClCompile>
    <ClCompile Include="OutputMerger.cpp">
      <Filter>Pipeline</Filter>
    </ClCompile>
    <ClCompile Include="PixelShader.cpp">
      <Filter>Pipeline</Filter>
    </ClCompile>
    <ClCompile Include="Rasterizer.cpp">
      <Filter>Pipeline</Filter>
    </ClCompile>
    <ClCompile Include="VertexShader.cpp">
      <Filter>Pipeline</Filter>
    </ClCompile>
    <ClCompile Include="XtzThreadPool.cpp">
      <Filter>Thread</Filter>
    </ClCompile>
    <ClCompile Include="Concommand.cpp">
      <Filter>Source Files</Filter>
    </ClCompile>
    <ClCompile Include="Texture.cpp">
      <Filter>Source Files</Filter>
    </ClCompile>
  </ItemGroup>
</Project>